// !$*UTF8*$!
{
	archiveVersion = 1;
	classes = {
	};
	objectVersion = 51;
	objects = {

/* Begin PBXBuildFile section */
		8AA7C58A2F80C45D1EF70FCE /* Pods_Messenger.framework in Frameworks */ = {isa = PBXBuildFile; fileRef = CD22962E4DFAD4AA1AAE0346 /* Pods_Messenger.framework */; };
		E20A26DC2633C3F9000029D7 /* GoogleService-Info.plist in Resources */ = {isa = PBXBuildFile; fileRef = E20A26DB2633C3F9000029D7 /* GoogleService-Info.plist */; };
		E20A26DF2633CCF3000029D7 /* DatabaseManager.swift in Sources */ = {isa = PBXBuildFile; fileRef = E20A26DE2633CCF3000029D7 /* DatabaseManager.swift */; };
		E2A5DA2A263329E30048C92A /* AppDelegate.swift in Sources */ = {isa = PBXBuildFile; fileRef = E2A5DA29263329E30048C92A /* AppDelegate.swift */; };
		E2A5DA2C263329E30048C92A /* SceneDelegate.swift in Sources */ = {isa = PBXBuildFile; fileRef = E2A5DA2B263329E30048C92A /* SceneDelegate.swift */; };
		E2A5DA2E263329E30048C92A /* ConversationViewController.swift in Sources */ = {isa = PBXBuildFile; fileRef = E2A5DA2D263329E30048C92A /* ConversationViewController.swift */; };
		E2A5DA31263329E30048C92A /* Main.storyboard in Resources */ = {isa = PBXBuildFile; fileRef = E2A5DA2F263329E30048C92A /* Main.storyboard */; };
		E2A5DA33263329E60048C92A /* Assets.xcassets in Resources */ = {isa = PBXBuildFile; fileRef = E2A5DA32263329E60048C92A /* Assets.xcassets */; };
		E2A5DA36263329E60048C92A /* LaunchScreen.storyboard in Resources */ = {isa = PBXBuildFile; fileRef = E2A5DA34263329E60048C92A /* LaunchScreen.storyboard */; };
		E2A5DA4626332BF50048C92A /* LoginViewController.swift in Sources */ = {isa = PBXBuildFile; fileRef = E2A5DA4526332BF50048C92A /* LoginViewController.swift */; };
		E2A5DA4926332C020048C92A /* RegisterViewController.swift in Sources */ = {isa = PBXBuildFile; fileRef = E2A5DA4826332C020048C92A /* RegisterViewController.swift */; };
		E2A5DA4C26332C220048C92A /* PhotoViewerViewController.swift in Sources */ = {isa = PBXBuildFile; fileRef = E2A5DA4B26332C220048C92A /* PhotoViewerViewController.swift */; };
		E2A5DA4F26332C2B0048C92A /* VideoPlayerViewController.swift in Sources */ = {isa = PBXBuildFile; fileRef = E2A5DA4E26332C2B0048C92A /* VideoPlayerViewController.swift */; };
		E2A5DA5226332C480048C92A /* NewConversationViewController.swift in Sources */ = {isa = PBXBuildFile; fileRef = E2A5DA5126332C480048C92A /* NewConversationViewController.swift */; };
		E2A5DA5526332C610048C92A /* ProfileViewController.swift in Sources */ = {isa = PBXBuildFile; fileRef = E2A5DA5426332C610048C92A /* ProfileViewController.swift */; };
		E2A5DA5A2633B1040048C92A /* Extensions.swift in Sources */ = {isa = PBXBuildFile; fileRef = E2A5DA592633B1040048C92A /* Extensions.swift */; };
/* End PBXBuildFile section */

/* Begin PBXFileReference section */
		33CA7EF728BC518DAA5B9FE9 /* Pods-Messenger.release.xcconfig */ = {isa = PBXFileReference; includeInIndex = 1; lastKnownFileType = text.xcconfig; name = "Pods-Messenger.release.xcconfig"; path = "Target Support Files/Pods-Messenger/Pods-Messenger.release.xcconfig"; sourceTree = "<group>"; };
		60D37EF8CFB5A04C4687118A /* Pods-Messenger.debug.xcconfig */ = {isa = PBXFileReference; includeInIndex = 1; lastKnownFileType = text.xcconfig; name = "Pods-Messenger.debug.xcconfig"; path = "Target Support Files/Pods-Messenger/Pods-Messenger.debug.xcconfig"; sourceTree = "<group>"; };
		CD22962E4DFAD4AA1AAE0346 /* Pods_Messenger.framework */ = {isa = PBXFileReference; explicitFileType = wrapper.framework; includeInIndex = 0; path = Pods_Messenger.framework; sourceTree = BUILT_PRODUCTS_DIR; };
		E20A26DB2633C3F9000029D7 /* GoogleService-Info.plist */ = {isa = PBXFileReference; fileEncoding = 4; lastKnownFileType = text.plist.xml; name = "GoogleService-Info.plist"; path = "../../../Downloads/GoogleService-Info.plist"; sourceTree = "<group>"; };
		E20A26DE2633CCF3000029D7 /* DatabaseManager.swift */ = {isa = PBXFileReference; lastKnownFileType = sourcecode.swift; path = DatabaseManager.swift; sourceTree = "<group>"; };
		E2A5DA26263329E30048C92A /* Messenger.app */ = {isa = PBXFileReference; explicitFileType = wrapper.application; includeInIndex = 0; path = Messenger.app; sourceTree = BUILT_PRODUCTS_DIR; };
		E2A5DA29263329E30048C92A /* AppDelegate.swift */ = {isa = PBXFileReference; lastKnownFileType = sourcecode.swift; path = AppDelegate.swift; sourceTree = "<group>"; };
		E2A5DA2B263329E30048C92A /* SceneDelegate.swift */ = {isa = PBXFileReference; lastKnownFileType = sourcecode.swift; path = SceneDelegate.swift; sourceTree = "<group>"; };
		E2A5DA2D263329E30048C92A /* ConversationViewController.swift */ = {isa = PBXFileReference; lastKnownFileType = sourcecode.swift; path = ConversationViewController.swift; sourceTree = "<group>"; };
		E2A5DA30263329E30048C92A /* Base */ = {isa = PBXFileReference; lastKnownFileType = file.storyboard; name = Base; path = Base.lproj/Main.storyboard; sourceTree = "<group>"; };
		E2A5DA32263329E60048C92A /* Assets.xcassets */ = {isa = PBXFileReference; lastKnownFileType = folder.assetcatalog; path = Assets.xcassets; sourceTree = "<group>"; };
		E2A5DA35263329E60048C92A /* Base */ = {isa = PBXFileReference; lastKnownFileType = file.storyboard; name = Base; path = Base.lproj/LaunchScreen.storyboard; sourceTree = "<group>"; };
		E2A5DA37263329E60048C92A /* Info.plist */ = {isa = PBXFileReference; lastKnownFileType = text.plist.xml; path = Info.plist; sourceTree = "<group>"; };
		E2A5DA4526332BF50048C92A /* LoginViewController.swift */ = {isa = PBXFileReference; lastKnownFileType = sourcecode.swift; path = LoginViewController.swift; sourceTree = "<group>"; };
		E2A5DA4826332C020048C92A /* RegisterViewController.swift */ = {isa = PBXFileReference; lastKnownFileType = sourcecode.swift; path = RegisterViewController.swift; sourceTree = "<group>"; };
		E2A5DA4B26332C220048C92A /* PhotoViewerViewController.swift */ = {isa = PBXFileReference; lastKnownFileType = sourcecode.swift; path = PhotoViewerViewController.swift; sourceTree = "<group>"; };
		E2A5DA4E26332C2B0048C92A /* VideoPlayerViewController.swift */ = {isa = PBXFileReference; lastKnownFileType = sourcecode.swift; path = VideoPlayerViewController.swift; sourceTree = "<group>"; };
		E2A5DA5126332C480048C92A /* NewConversationViewController.swift */ = {isa = PBXFileReference; lastKnownFileType = sourcecode.swift; path = NewConversationViewController.swift; sourceTree = "<group>"; };
		E2A5DA5426332C610048C92A /* ProfileViewController.swift */ = {isa = PBXFileReference; lastKnownFileType = sourcecode.swift; path = ProfileViewController.swift; sourceTree = "<group>"; };
		E2A5DA592633B1040048C92A /* Extensions.swift */ = {isa = PBXFileReference; lastKnownFileType = sourcecode.swift; path = Extensions.swift; sourceTree = "<group>"; };
/* End PBXFileReference section */

/* Begin PBXFrameworksBuildPhase section */
		E2A5DA23263329E30048C92A /* Frameworks */ = {
			isa = PBXFrameworksBuildPhase;
			buildActionMask = 2147483647;
			files = (
				8AA7C58A2F80C45D1EF70FCE /* Pods_Messenger.framework in Frameworks */,
			);
			runOnlyForDeploymentPostprocessing = 0;
		};
/* End PBXFrameworksBuildPhase section */

/* Begin PBXGroup section */
		35405A17DAAEBA89502A2CFE /* Frameworks */ = {
			isa = PBXGroup;
			children = (
				CD22962E4DFAD4AA1AAE0346 /* Pods_Messenger.framework */,
			);
			name = Frameworks;
			sourceTree = "<group>";
		};
		C1CEE2D6C718358D0C71511D /* Pods */ = {
			isa = PBXGroup;
			children = (
				60D37EF8CFB5A04C4687118A /* Pods-Messenger.debug.xcconfig */,
				33CA7EF728BC518DAA5B9FE9 /* Pods-Messenger.release.xcconfig */,
			);
			path = Pods;
			sourceTree = "<group>";
		};
		E2A5DA1D263329E30048C92A = {
			isa = PBXGroup;
			children = (
				E2A5DA28263329E30048C92A /* Messenger */,
				E2A5DA27263329E30048C92A /* Products */,
				C1CEE2D6C718358D0C71511D /* Pods */,
				35405A17DAAEBA89502A2CFE /* Frameworks */,
			);
			sourceTree = "<group>";
		};
		E2A5DA27263329E30048C92A /* Products */ = {
			isa = PBXGroup;
			children = (
				E2A5DA26263329E30048C92A /* Messenger.app */,
			);
			name = Products;
			sourceTree = "<group>";
		};
		E2A5DA28263329E30048C92A /* Messenger */ = {
			isa = PBXGroup;
			children = (
				E20A26DB2633C3F9000029D7 /* GoogleService-Info.plist */,
				E2A5DA4226332AF30048C92A /* Resources */,
				E2A5DA4126332AED0048C92A /* ViewModels */,
				E2A5DA4026332AE90048C92A /* Models */,
				E2A5DA3F26332AE40048C92A /* Views */,
				E2A5DA3E26332AD90048C92A /* Controllers */,
				E2A5DA37263329E60048C92A /* Info.plist */,
			);
			path = Messenger;
			sourceTree = "<group>";
		};
		E2A5DA3E26332AD90048C92A /* Controllers */ = {
			isa = PBXGroup;
			children = (
				E2A5DA2D263329E30048C92A /* ConversationViewController.swift */,
				E2A5DA572633ADAD0048C92A /* Login */,
				E2A5DA4B26332C220048C92A /* PhotoViewerViewController.swift */,
				E2A5DA4E26332C2B0048C92A /* VideoPlayerViewController.swift */,
				E2A5DA5126332C480048C92A /* NewConversationViewController.swift */,
				E2A5DA5426332C610048C92A /* ProfileViewController.swift */,
			);
			path = Controllers;
			sourceTree = "<group>";
		};
		E2A5DA3F26332AE40048C92A /* Views */ = {
			isa = PBXGroup;
			children = (
				E2A5DA4326332B180048C92A /* Storyboards */,
				E2A5DA32263329E60048C92A /* Assets.xcassets */,
			);
			path = Views;
			sourceTree = "<group>";
		};
		E2A5DA4026332AE90048C92A /* Models */ = {
			isa = PBXGroup;
			children = (
			);
			path = Models;
			sourceTree = "<group>";
		};
		E2A5DA4126332AED0048C92A /* ViewModels */ = {
			isa = PBXGroup;
			children = (
			);
			path = ViewModels;
			sourceTree = "<group>";
		};
		E2A5DA4226332AF30048C92A /* Resources */ = {
			isa = PBXGroup;
			children = (
				E2A5DA29263329E30048C92A /* AppDelegate.swift */,
				E2A5DA2B263329E30048C92A /* SceneDelegate.swift */,
				E2A5DA592633B1040048C92A /* Extensions.swift */,
				E20A26DE2633CCF3000029D7 /* DatabaseManager.swift */,
			);
			path = Resources;
			sourceTree = "<group>";
		};
		E2A5DA4326332B180048C92A /* Storyboards */ = {
			isa = PBXGroup;
			children = (
				E2A5DA2F263329E30048C92A /* Main.storyboard */,
				E2A5DA34263329E60048C92A /* LaunchScreen.storyboard */,
			);
			path = Storyboards;
			sourceTree = "<group>";
		};
		E2A5DA572633ADAD0048C92A /* Login */ = {
			isa = PBXGroup;
			children = (
				E2A5DA4526332BF50048C92A /* LoginViewController.swift */,
				E2A5DA4826332C020048C92A /* RegisterViewController.swift */,
			);
			path = Login;
			sourceTree = "<group>";
		};
/* End PBXGroup section */

/* Begin PBXNativeTarget section */
		E2A5DA25263329E30048C92A /* Messenger */ = {
			isa = PBXNativeTarget;
			buildConfigurationList = E2A5DA3A263329E60048C92A /* Build configuration list for PBXNativeTarget "Messenger" */;
			buildPhases = (
				B5B1439287BE1D0200766B4A /* [CP] Check Pods Manifest.lock */,
				E2A5DA22263329E30048C92A /* Sources */,
				E2A5DA23263329E30048C92A /* Frameworks */,
				E2A5DA24263329E30048C92A /* Resources */,
				F658FFB8CE125E9121196204 /* [CP] Embed Pods Frameworks */,
			);
			buildRules = (
			);
			dependencies = (
			);
			name = Messenger;
			productName = Messenger;
			productReference = E2A5DA26263329E30048C92A /* Messenger.app */;
			productType = "com.apple.product-type.application";
		};
/* End PBXNativeTarget section */

/* Begin PBXProject section */
		E2A5DA1E263329E30048C92A /* Project object */ = {
			isa = PBXProject;
			attributes = {
				LastSwiftUpdateCheck = 1240;
				LastUpgradeCheck = 1240;
				TargetAttributes = {
					E2A5DA25263329E30048C92A = {
						CreatedOnToolsVersion = 12.4;
					};
				};
			};
			buildConfigurationList = E2A5DA21263329E30048C92A /* Build configuration list for PBXProject "Messenger" */;
			compatibilityVersion = "Xcode 9.3";
			developmentRegion = en;
			hasScannedForEncodings = 0;
			knownRegions = (
				en,
				Base,
			);
			mainGroup = E2A5DA1D263329E30048C92A;
			productRefGroup = E2A5DA27263329E30048C92A /* Products */;
			projectDirPath = "";
			projectRoot = "";
			targets = (
				E2A5DA25263329E30048C92A /* Messenger */,
			);
		};
/* End PBXProject section */

/* Begin PBXResourcesBuildPhase section */
		E2A5DA24263329E30048C92A /* Resources */ = {
			isa = PBXResourcesBuildPhase;
			buildActionMask = 2147483647;
			files = (
				E2A5DA36263329E60048C92A /* LaunchScreen.storyboard in Resources */,
				E20A26DC2633C3F9000029D7 /* GoogleService-Info.plist in Resources */,
				E2A5DA33263329E60048C92A /* Assets.xcassets in Resources */,
				E2A5DA31263329E30048C92A /* Main.storyboard in Resources */,
			);
			runOnlyForDeploymentPostprocessing = 0;
		};
/* End PBXResourcesBuildPhase section */

/* Begin PBXShellScriptBuildPhase section */
		B5B1439287BE1D0200766B4A /* [CP] Check Pods Manifest.lock */ = {
			isa = PBXShellScriptBuildPhase;
			buildActionMask = 2147483647;
			files = (
			);
			inputFileListPaths = (
			);
			inputPaths = (
				"${PODS_PODFILE_DIR_PATH}/Podfile.lock",
				"${PODS_ROOT}/Manifest.lock",
			);
			name = "[CP] Check Pods Manifest.lock";
			outputFileListPaths = (
			);
			outputPaths = (
				"$(DERIVED_FILE_DIR)/Pods-Messenger-checkManifestLockResult.txt",
			);
			runOnlyForDeploymentPostprocessing = 0;
			shellPath = /bin/sh;
			shellScript = "diff \"${PODS_PODFILE_DIR_PATH}/Podfile.lock\" \"${PODS_ROOT}/Manifest.lock\" > /dev/null\nif [ $? != 0 ] ; then\n    # print error to STDERR\n    echo \"error: The sandbox is not in sync with the Podfile.lock. Run 'pod install' or update your CocoaPods installation.\" >&2\n    exit 1\nfi\n# This output is used by Xcode 'outputs' to avoid re-running this script phase.\necho \"SUCCESS\" > \"${SCRIPT_OUTPUT_FILE_0}\"\n";
			showEnvVarsInLog = 0;
		};
		F658FFB8CE125E9121196204 /* [CP] Embed Pods Frameworks */ = {
			isa = PBXShellScriptBuildPhase;
			buildActionMask = 2147483647;
			files = (
			);
			inputFileListPaths = (
				"${PODS_ROOT}/Target Support Files/Pods-Messenger/Pods-Messenger-frameworks-${CONFIGURATION}-input-files.xcfilelist",
			);
			name = "[CP] Embed Pods Frameworks";
			outputFileListPaths = (
				"${PODS_ROOT}/Target Support Files/Pods-Messenger/Pods-Messenger-frameworks-${CONFIGURATION}-output-files.xcfilelist",
			);
			runOnlyForDeploymentPostprocessing = 0;
			shellPath = /bin/sh;
			shellScript = "\"${PODS_ROOT}/Target Support Files/Pods-Messenger/Pods-Messenger-frameworks.sh\"\n";
			showEnvVarsInLog = 0;
		};
/* End PBXShellScriptBuildPhase section */

/* Begin PBXSourcesBuildPhase section */
		E2A5DA22263329E30048C92A /* Sources */ = {
			isa = PBXSourcesBuildPhase;
			buildActionMask = 2147483647;
			files = (
				E2A5DA4626332BF50048C92A /* LoginViewController.swift in Sources */,
				E20A26DF2633CCF3000029D7 /* DatabaseManager.swift in Sources */,
				E2A5DA4926332C020048C92A /* RegisterViewController.swift in Sources */,
				E2A5DA5226332C480048C92A /* NewConversationViewController.swift in Sources */,
				E2A5DA2E263329E30048C92A /* ConversationViewController.swift in Sources */,
				E2A5DA4F26332C2B0048C92A /* VideoPlayerViewController.swift in Sources */,
				E2A5DA5A2633B1040048C92A /* Extensions.swift in Sources */,
				E2A5DA2A263329E30048C92A /* AppDelegate.swift in Sources */,
				E2A5DA5526332C610048C92A /* ProfileViewController.swift in Sources */,
				E2A5DA2C263329E30048C92A /* SceneDelegate.swift in Sources */,
				E2A5DA4C26332C220048C92A /* PhotoViewerViewController.swift in Sources */,
			);
			runOnlyForDeploymentPostprocessing = 0;
		};
/* End PBXSourcesBuildPhase section */

/* Begin PBXVariantGroup section */
		E2A5DA2F263329E30048C92A /* Main.storyboard */ = {
			isa = PBXVariantGroup;
			children = (
				E2A5DA30263329E30048C92A /* Base */,
			);
			name = Main.storyboard;
			sourceTree = "<group>";
		};
		E2A5DA34263329E60048C92A /* LaunchScreen.storyboard */ = {
			isa = PBXVariantGroup;
			children = (
				E2A5DA35263329E60048C92A /* Base */,
			);
			name = LaunchScreen.storyboard;
			sourceTree = "<group>";
		};
/* End PBXVariantGroup section */

/* Begin XCBuildConfiguration section */
		E2A5DA38263329E60048C92A /* Debug */ = {
			isa = XCBuildConfiguration;
			buildSettings = {
				ALWAYS_SEARCH_USER_PATHS = NO;
				CLANG_ANALYZER_NONNULL = YES;
				CLANG_ANALYZER_NUMBER_OBJECT_CONVERSION = YES_AGGRESSIVE;
				CLANG_CXX_LANGUAGE_STANDARD = "gnu++14";
				CLANG_CXX_LIBRARY = "libc++";
				CLANG_ENABLE_MODULES = YES;
				CLANG_ENABLE_OBJC_ARC = YES;
				CLANG_ENABLE_OBJC_WEAK = YES;
				CLANG_WARN_BLOCK_CAPTURE_AUTORELEASING = YES;
				CLANG_WARN_BOOL_CONVERSION = YES;
				CLANG_WARN_COMMA = YES;
				CLANG_WARN_CONSTANT_CONVERSION = YES;
				CLANG_WARN_DEPRECATED_OBJC_IMPLEMENTATIONS = YES;
				CLANG_WARN_DIRECT_OBJC_ISA_USAGE = YES_ERROR;
				CLANG_WARN_DOCUMENTATION_COMMENTS = YES;
				CLANG_WARN_EMPTY_BODY = YES;
				CLANG_WARN_ENUM_CONVERSION = YES;
				CLANG_WARN_INFINITE_RECURSION = YES;
				CLANG_WARN_INT_CONVERSION = YES;
				CLANG_WARN_NON_LITERAL_NULL_CONVERSION = YES;
				CLANG_WARN_OBJC_IMPLICIT_RETAIN_SELF = YES;
				CLANG_WARN_OBJC_LITERAL_CONVERSION = YES;
				CLANG_WARN_OBJC_ROOT_CLASS = YES_ERROR;
				CLANG_WARN_QUOTED_INCLUDE_IN_FRAMEWORK_HEADER = YES;
				CLANG_WARN_RANGE_LOOP_ANALYSIS = YES;
				CLANG_WARN_STRICT_PROTOTYPES = YES;
				CLANG_WARN_SUSPICIOUS_MOVE = YES;
				CLANG_WARN_UNGUARDED_AVAILABILITY = YES_AGGRESSIVE;
				CLANG_WARN_UNREACHABLE_CODE = YES;
				CLANG_WARN__DUPLICATE_METHOD_MATCH = YES;
				COPY_PHASE_STRIP = NO;
				DEBUG_INFORMATION_FORMAT = dwarf;
				ENABLE_STRICT_OBJC_MSGSEND = YES;
				ENABLE_TESTABILITY = YES;
				GCC_C_LANGUAGE_STANDARD = gnu11;
				GCC_DYNAMIC_NO_PIC = NO;
				GCC_NO_COMMON_BLOCKS = YES;
				GCC_OPTIMIZATION_LEVEL = 0;
				GCC_PREPROCESSOR_DEFINITIONS = (
					"DEBUG=1",
					"$(inherited)",
				);
				GCC_WARN_64_TO_32_BIT_CONVERSION = YES;
				GCC_WARN_ABOUT_RETURN_TYPE = YES_ERROR;
				GCC_WARN_UNDECLARED_SELECTOR = YES;
				GCC_WARN_UNINITIALIZED_AUTOS = YES_AGGRESSIVE;
				GCC_WARN_UNUSED_FUNCTION = YES;
				GCC_WARN_UNUSED_VARIABLE = YES;
				IPHONEOS_DEPLOYMENT_TARGET = 14.4;
				MTL_ENABLE_DEBUG_INFO = INCLUDE_SOURCE;
				MTL_FAST_MATH = YES;
				ONLY_ACTIVE_ARCH = YES;
				SDKROOT = iphoneos;
				SWIFT_ACTIVE_COMPILATION_CONDITIONS = DEBUG;
				SWIFT_OPTIMIZATION_LEVEL = "-Onone";
			};
			name = Debug;
		};
		E2A5DA39263329E60048C92A /* Release */ = {
			isa = XCBuildConfiguration;
			buildSettings = {
				ALWAYS_SEARCH_USER_PATHS = NO;
				CLANG_ANALYZER_NONNULL = YES;
				CLANG_ANALYZER_NUMBER_OBJECT_CONVERSION = YES_AGGRESSIVE;
				CLANG_CXX_LANGUAGE_STANDARD = "gnu++14";
				CLANG_CXX_LIBRARY = "libc++";
				CLANG_ENABLE_MODULES = YES;
				CLANG_ENABLE_OBJC_ARC = YES;
				CLANG_ENABLE_OBJC_WEAK = YES;
				CLANG_WARN_BLOCK_CAPTURE_AUTORELEASING = YES;
				CLANG_WARN_BOOL_CONVERSION = YES;
				CLANG_WARN_COMMA = YES;
				CLANG_WARN_CONSTANT_CONVERSION = YES;
				CLANG_WARN_DEPRECATED_OBJC_IMPLEMENTATIONS = YES;
				CLANG_WARN_DIRECT_OBJC_ISA_USAGE = YES_ERROR;
				CLANG_WARN_DOCUMENTATION_COMMENTS = YES;
				CLANG_WARN_EMPTY_BODY = YES;
				CLANG_WARN_ENUM_CONVERSION = YES;
				CLANG_WARN_INFINITE_RECURSION = YES;
				CLANG_WARN_INT_CONVERSION = YES;
				CLANG_WARN_NON_LITERAL_NULL_CONVERSION = YES;
				CLANG_WARN_OBJC_IMPLICIT_RETAIN_SELF = YES;
				CLANG_WARN_OBJC_LITERAL_CONVERSION = YES;
				CLANG_WARN_OBJC_ROOT_CLASS = YES_ERROR;
				CLANG_WARN_QUOTED_INCLUDE_IN_FRAMEWORK_HEADER = YES;
				CLANG_WARN_RANGE_LOOP_ANALYSIS = YES;
				CLANG_WARN_STRICT_PROTOTYPES = YES;
				CLANG_WARN_SUSPICIOUS_MOVE = YES;
				CLANG_WARN_UNGUARDED_AVAILABILITY = YES_AGGRESSIVE;
				CLANG_WARN_UNREACHABLE_CODE = YES;
				CLANG_WARN__DUPLICATE_METHOD_MATCH = YES;
				COPY_PHASE_STRIP = NO;
				DEBUG_INFORMATION_FORMAT = "dwarf-with-dsym";
				ENABLE_NS_ASSERTIONS = NO;
				ENABLE_STRICT_OBJC_MSGSEND = YES;
				GCC_C_LANGUAGE_STANDARD = gnu11;
				GCC_NO_COMMON_BLOCKS = YES;
				GCC_WARN_64_TO_32_BIT_CONVERSION = YES;
				GCC_WARN_ABOUT_RETURN_TYPE = YES_ERROR;
				GCC_WARN_UNDECLARED_SELECTOR = YES;
				GCC_WARN_UNINITIALIZED_AUTOS = YES_AGGRESSIVE;
				GCC_WARN_UNUSED_FUNCTION = YES;
				GCC_WARN_UNUSED_VARIABLE = YES;
				IPHONEOS_DEPLOYMENT_TARGET = 14.4;
				MTL_ENABLE_DEBUG_INFO = NO;
				MTL_FAST_MATH = YES;
				SDKROOT = iphoneos;
				SWIFT_COMPILATION_MODE = wholemodule;
				SWIFT_OPTIMIZATION_LEVEL = "-O";
				VALIDATE_PRODUCT = YES;
			};
			name = Release;
		};
		E2A5DA3B263329E60048C92A /* Debug */ = {
			isa = XCBuildConfiguration;
			baseConfigurationReference = 60D37EF8CFB5A04C4687118A /* Pods-Messenger.debug.xcconfig */;
			buildSettings = {
				ASSETCATALOG_COMPILER_APPICON_NAME = AppIcon;
				ASSETCATALOG_COMPILER_GLOBAL_ACCENT_COLOR_NAME = AccentColor;
				CODE_SIGN_STYLE = Automatic;
				DEVELOPMENT_TEAM = 928M2K6R36;
				INFOPLIST_FILE = Messenger/Info.plist;
				LD_RUNPATH_SEARCH_PATHS = (
					"$(inherited)",
					"@executable_path/Frameworks",
				);
				PRODUCT_BUNDLE_IDENTIFIER = com.jay.Messenger;
				PRODUCT_NAME = "$(TARGET_NAME)";
				SWIFT_VERSION = 5.0;
				TARGETED_DEVICE_FAMILY = "1,2";
			};
			name = Debug;
		};
		E2A5DA3C263329E60048C92A /* Release */ = {
			isa = XCBuildConfiguration;
			baseConfigurationReference = 33CA7EF728BC518DAA5B9FE9 /* Pods-Messenger.release.xcconfig */;
			buildSettings = {
				ASSETCATALOG_COMPILER_APPICON_NAME = AppIcon;
				ASSETCATALOG_COMPILER_GLOBAL_ACCENT_COLOR_NAME = AccentColor;
				CODE_SIGN_STYLE = Automatic;
				DEVELOPMENT_TEAM = 928M2K6R36;
				INFOPLIST_FILE = Messenger/Info.plist;
				LD_RUNPATH_SEARCH_PATHS = (
					"$(inherited)",
					"@executable_path/Frameworks",
				);
				PRODUCT_BUNDLE_IDENTIFIER = com.jay.Messenger;
				PRODUCT_NAME = "$(TARGET_NAME)";
				SWIFT_VERSION = 5.0;
				TARGETED_DEVICE_FAMILY = "1,2";
			};
			name = Release;
		};
/* End XCBuildConfiguration section */

/* Begin XCConfigurationList section */
		E2A5DA21263329E30048C92A /* Build configuration list for PBXProject "Messenger" */ = {
			isa = XCConfigurationList;
			buildConfigurations = (
				E2A5DA38263329E60048C92A /* Debug */,
				E2A5DA39263329E60048C92A /* Release */,
			);
			defaultConfigurationIsVisible = 0;
			defaultConfigurationName = Release;
		};
		E2A5DA3A263329E60048C92A /* Build configuration list for PBXNativeTarget "Messenger" */ = {
			isa = XCConfigurationList;
			buildConfigurations = (
				E2A5DA3B263329E60048C92A /* Debug */,
				E2A5DA3C263329E60048C92A /* Release */,
			);
			defaultConfigurationIsVisible = 0;
			defaultConfigurationName = Release;
		};
/* End XCConfigurationList section */
	};
	rootObject = E2A5DA1E263329E30048C92A /* Project object */;
}
